
Microsoft Visual Studio Solution File, Format Version 12.00
# Visual Studio Version 17
VisualStudioVersion = 17.4.33213.308
MinimumVisualStudioVersion = 10.0.40219.1
Project("{9A19103F-16F7-4668-BE54-9A1E7A4F7556}") = "MS.GanaWebAPI", "MS.GanaWebAPI\MS.GanaWebAPI.csproj", "{23A6D9C7-5C74-4F0C-BCC6-BE82157AFE6C}"
EndProject
Project("{54A90642-561A-4BB1-A94E-469ADEE60C69}") = "ms.gana-react", "ms.gana-react\ms.gana-react.esproj", "{1B5EB90D-E95D-465D-9B60-51299E8A089C}"
EndProject
Project("{FAE04EC0-301F-11D3-BF4B-00C04F79EFBC}") = "MS.Gana.Domain", "MS.Gana.Domain\MS.Gana.Domain.csproj", "{CF4A7819-C701-47EF-BEB8-89F1EAD34BA2}"
EndProject
Project("{FAE04EC0-301F-11D3-BF4B-00C04F79EFBC}") = "MS.Gana.Data", "MS.Gana.Data\MS.Gana.Data.csproj", "{3AFC23C7-5986-42DE-8BD4-1B7BD069AC33}"
EndProject
Global
	GlobalSection(SolutionConfigurationPlatforms) = preSolution
		Debug|Any CPU = Debug|Any CPU
		Release|Any CPU = Release|Any CPU
	EndGlobalSection
	GlobalSection(ProjectConfigurationPlatforms) = postSolution
		{23A6D9C7-5C74-4F0C-BCC6-BE82157AFE6C}.Debug|Any CPU.ActiveCfg = Debug|Any CPU
		{23A6D9C7-5C74-4F0C-BCC6-BE82157AFE6C}.Debug|Any CPU.Build.0 = Debug|Any CPU
		{23A6D9C7-5C74-4F0C-BCC6-BE82157AFE6C}.Release|Any CPU.ActiveCfg = Release|Any CPU
		{23A6D9C7-5C74-4F0C-BCC6-BE82157AFE6C}.Release|Any CPU.Build.0 = Release|Any CPU
		{1B5EB90D-E95D-465D-9B60-51299E8A089C}.Debug|Any CPU.ActiveCfg = Debug|Any CPU
		{1B5EB90D-E95D-465D-9B60-51299E8A089C}.Debug|Any CPU.Build.0 = Debug|Any CPU
		{1B5EB90D-E95D-465D-9B60-51299E8A089C}.Debug|Any CPU.Deploy.0 = Debug|Any CPU
		{1B5EB90D-E95D-465D-9B60-51299E8A089C}.Release|Any CPU.ActiveCfg = Release|Any CPU
		{1B5EB90D-E95D-465D-9B60-51299E8A089C}.Release|Any CPU.Build.0 = Release|Any CPU
		{1B5EB90D-E95D-465D-9B60-51299E8A089C}.Release|Any CPU.Deploy.0 = Release|Any CPU
		{CF4A7819-C701-47EF-BEB8-89F1EAD34BA2}.Debug|Any CPU.ActiveCfg = Debug|Any CPU
		{CF4A7819-C701-47EF-BEB8-89F1EAD34BA2}.Debug|Any CPU.Build.0 = Debug|Any CPU
		{CF4A7819-C701-47EF-BEB8-89F1EAD34BA2}.Release|Any CPU.ActiveCfg = Release|Any CPU
		{CF4A7819-C701-47EF-BEB8-89F1EAD34BA2}.Release|Any CPU.Build.0 = Release|Any CPU
		{3AFC23C7-5986-42DE-8BD4-1B7BD069AC33}.Debug|Any CPU.ActiveCfg = Debug|Any CPU
		{3AFC23C7-5986-42DE-8BD4-1B7BD069AC33}.Debug|Any CPU.Build.0 = Debug|Any CPU
		{3AFC23C7-5986-42DE-8BD4-1B7BD069AC33}.Release|Any CPU.ActiveCfg = Release|Any CPU
		{3AFC23C7-5986-42DE-8BD4-1B7BD069AC33}.Release|Any CPU.Build.0 = Release|Any CPU
	EndGlobalSection
	GlobalSection(SolutionProperties) = preSolution
		HideSolutionNode = FALSE
	EndGlobalSection
	GlobalSection(ExtensibilityGlobals) = postSolution
		SolutionGuid = {C3F97A15-1BD5-4EEB-8BA1-4F7D29ED1244}
	EndGlobalSection
EndGlobal
